
Microsoft Visual Studio Solution File, Format Version 12.00
# Visual Studio 15
VisualStudioVersion = 15.0.28010.2019
MinimumVisualStudioVersion = 10.0.40219.1
Project("{9A19103F-16F7-4668-BE54-9A1E7A4F7556}") = "FileManager", "FileManager\FileManager.csproj", "{800E7CA6-8D76-4645-ABF2-F7E088CC24E1}"
EndProject
Project("{9A19103F-16F7-4668-BE54-9A1E7A4F7556}") = "ApiTests", "ApiTests\ApiTests.csproj", "{347F7903-4959-4470-9427-CED33C0A3A1F}"
EndProject
Project("{FAE04EC0-301F-11D3-BF4B-00C04F79EFBC}") = "ApplicationCore", "ApplicationCore\ApplicationCore.csproj", "{FC9CE9A7-B482-4B80-8748-0629F09F07E6}"
EndProject
Project("{FAE04EC0-301F-11D3-BF4B-00C04F79EFBC}") = "Infrastructure", "Infrastructure\Infrastructure.csproj", "{438A069F-6421-4753-8F24-5A17F3AB43CF}"
EndProject
Global
	GlobalSection(SolutionConfigurationPlatforms) = preSolution
		Debug|Any CPU = Debug|Any CPU
		Release|Any CPU = Release|Any CPU
	EndGlobalSection
	GlobalSection(ProjectConfigurationPlatforms) = postSolution
		{800E7CA6-8D76-4645-ABF2-F7E088CC24E1}.Debug|Any CPU.ActiveCfg = Debug|Any CPU
		{800E7CA6-8D76-4645-ABF2-F7E088CC24E1}.Debug|Any CPU.Build.0 = Debug|Any CPU
		{800E7CA6-8D76-4645-ABF2-F7E088CC24E1}.Release|Any CPU.ActiveCfg = Release|Any CPU
		{800E7CA6-8D76-4645-ABF2-F7E088CC24E1}.Release|Any CPU.Build.0 = Release|Any CPU
		{347F7903-4959-4470-9427-CED33C0A3A1F}.Debug|Any CPU.ActiveCfg = Debug|Any CPU
		{347F7903-4959-4470-9427-CED33C0A3A1F}.Debug|Any CPU.Build.0 = Debug|Any CPU
		{347F7903-4959-4470-9427-CED33C0A3A1F}.Release|Any CPU.ActiveCfg = Release|Any CPU
		{347F7903-4959-4470-9427-CED33C0A3A1F}.Release|Any CPU.Build.0 = Release|Any CPU
		{FC9CE9A7-B482-4B80-8748-0629F09F07E6}.Debug|Any CPU.ActiveCfg = Debug|Any CPU
		{FC9CE9A7-B482-4B80-8748-0629F09F07E6}.Debug|Any CPU.Build.0 = Debug|Any CPU
		{FC9CE9A7-B482-4B80-8748-0629F09F07E6}.Release|Any CPU.ActiveCfg = Release|Any CPU
		{FC9CE9A7-B482-4B80-8748-0629F09F07E6}.Release|Any CPU.Build.0 = Release|Any CPU
		{438A069F-6421-4753-8F24-5A17F3AB43CF}.Debug|Any CPU.ActiveCfg = Debug|Any CPU
		{438A069F-6421-4753-8F24-5A17F3AB43CF}.Debug|Any CPU.Build.0 = Debug|Any CPU
		{438A069F-6421-4753-8F24-5A17F3AB43CF}.Release|Any CPU.ActiveCfg = Release|Any CPU
		{438A069F-6421-4753-8F24-5A17F3AB43CF}.Release|Any CPU.Build.0 = Release|Any CPU
	EndGlobalSection
	GlobalSection(SolutionProperties) = preSolution
		HideSolutionNode = FALSE
	EndGlobalSection
	GlobalSection(ExtensibilityGlobals) = postSolution
		SolutionGuid = {E393655A-6DE7-4A8A-8788-63B1D500FD59}
	EndGlobalSection
EndGlobal
